
Microsoft Visual Studio Solution File, Format Version 11.00
# Visual Studio 2010
Project("{FAE04EC0-301F-11D3-BF4B-00C04F79EFBC}") = "WebUI", "WebUI\WebUI.csproj", "{F835116C-91A5-4AEF-BA6A-34CED1E15978}"
EndProject
Global
	GlobalSection(SolutionConfigurationPlatforms) = preSolution
		Debug|Any CPU = Debug|Any CPU
		Release|Any CPU = Release|Any CPU
	EndGlobalSection
	GlobalSection(ProjectConfigurationPlatforms) = postSolution
		{F835116C-91A5-4AEF-BA6A-34CED1E15978}.Debug|Any CPU.ActiveCfg = Debug|Any CPU
		{F835116C-91A5-4AEF-BA6A-34CED1E15978}.Debug|Any CPU.Build.0 = Debug|Any CPU
		{F835116C-91A5-4AEF-BA6A-34CED1E15978}.Release|Any CPU.ActiveCfg = Release|Any CPU
		{F835116C-91A5-4AEF-BA6A-34CED1E15978}.Release|Any CPU.Build.0 = Release|Any CPU
	EndGlobalSection
	GlobalSection(SolutionProperties) = preSolution
		HideSolutionNode = FALSE
	EndGlobalSection
EndGlobal
